<?xml version="1.0" encoding="utf-8"?>
<Project ToolsVersion="4.0" xmlns="http://schemas.microsoft.com/developer/msbuild/2003">
  <ItemGroup>
    <Filter Include="Source Files">
      <UniqueIdentifier>{28d36ec3-2759-4d74-b1b0-dd4d5cf1fae5}</UniqueIdentifier>
      <Extensions>cpp;c;cxx;rc;def;r;odl;idl;hpj;bat</Extensions>
    </Filter>
    <Filter Include="Header Files">
      <UniqueIdentifier>{ed8b1adb-eb94-4963-bc9d-7ad71fb58d4c}</UniqueIdentifier>
      <Extensions>h;hpp;hxx;hm;inl</Extensions>
    </Filter>
    <Filter Include="Resource Files">
      <UniqueIdentifier>{f8729d53-2bdf-45a5-b10c-b58ad81a52a8}</UniqueIdentifier>
      <Extensions>ico;cur;bmp;dlg;rc2;rct;bin;rgs;gif;jpg;jpeg;jpe</Extensions>
    </Filter>
  </ItemGroup>
  <ItemGroup>
    <ClCompile Include="AlgoSet.cpp">
      <Filter>Source Files</Filter>
    </ClCompile>
    <ClCompile Include="AVIS.cpp">
      <Filter>Source Files</Filter>
    </ClCompile>
    <ClCompile Include="AVISDlg.cpp">
      <Filter>Source Files</Filter>
    </ClCompile>
    <ClCompile Include="CamSet.cpp">
      <Filter>Source Files</Filter>
    </ClCompile>
    <ClCompile Include="JGMan.cpp">
      <Filter>Source Files</Filter>
    </ClCompile>
    <ClCompile Include="StdAfx.cpp">
      <Filter>Source Files</Filter>
    </ClCompile>
  </ItemGroup>
  <ItemGroup>
    <ResourceCompile Include="AVIS.rc">
      <Filter>Source Files</Filter>
    </ResourceCompile>
  </ItemGroup>
  <ItemGroup>
    <ClInclude Include="AlgoSet.h">
      <Filter>Header Files</Filter>
    </ClInclude>
    <ClInclude Include="Avi.h">
      <Filter>Header Files</Filter>
    </ClInclude>
    <ClInclude Include="Avi_Comm.h">
      <Filter>Header Files</Filter>
    </ClInclude>
    <ClInclude Include="AVIS.h">
      <Filter>Header Files</Filter>
    </ClInclude>
    <ClInclude Include="AVISDlg.h">
      <Filter>Header Files</Filter>
    </ClInclude>
    <ClInclude Include="CamSet.h">
      <Filter>Header Files</Filter>
    </ClInclude>
    <ClInclude Include="JGMan.h">
      <Filter>Header Files</Filter>
    </ClInclude>
    <ClInclude Include="Resource.h">
      <Filter>Header Files</Filter>
    </ClInclude>
    <ClInclude Include="StdAfx.h">
      <Filter>Header Files</Filter>
    </ClInclude>
  </ItemGroup>
  <ItemGroup>
    <CustomBuild Include="res\AVIS.ico">
      <Filter>Resource Files</Filter>
    </CustomBuild>
    <CustomBuild Include="res\AVIS.rc2">
      <Filter>Resource Files</Filter>
    </CustomBuild>
    <CustomBuild Include="ReadMe.txt" />
  </ItemGroup>
</Project>